
Microsoft Visual Studio Solution File, Format Version 12.00
# Visual Studio Version 17
VisualStudioVersion = 17.0.31903.59
MinimumVisualStudioVersion = 10.0.40219.1
Project("{FAE04EC0-301F-11D3-BF4B-00C04F79EFBC}") = "RP.Math", "..\Math\RP.Math\RP.Math.csproj", "{137CE4B7-0BA9-4698-85CA-80860D4C62F8}"
EndProject
Project("{FAE04EC0-301F-11D3-BF4B-00C04F79EFBC}") = "RP.Game", "..\Game\RP.Game\RP.Game.csproj", "{CAEF96E6-14C3-499B-AFA1-43E050560EB9}"
EndProject
Project("{FAE04EC0-301F-11D3-BF4B-00C04F79EFBC}") = "RP.Game.Tests", "..\Game\RP.Game.Tests\RP.Game.Tests.csproj", "{1D44DB1D-554C-4810-AD9F-6AC4259EC067}"
EndProject
Project("{FAE04EC0-301F-11D3-BF4B-00C04F79EFBC}") = "RP.Spectre", "RP.Spectre\RP.Spectre.csproj", "{76BDA384-A76E-4BD0-A09D-0B1EA290DB8E}"
EndProject
Project("{FAE04EC0-301F-11D3-BF4B-00C04F79EFBC}") = "RP.Spectre.Tests", "RP.Spectre.Tests\RP.Spectre.Tests.csproj", "{E6E7E716-043B-4A17-901D-E22BBAA54D39}"
EndProject
Global
	GlobalSection(SolutionConfigurationPlatforms) = preSolution
		Debug|Any CPU = Debug|Any CPU
		Debug|x64 = Debug|x64
		Debug|x86 = Debug|x86
		Release|Any CPU = Release|Any CPU
		Release|x64 = Release|x64
		Release|x86 = Release|x86
	EndGlobalSection
	GlobalSection(ProjectConfigurationPlatforms) = postSolution
		{137CE4B7-0BA9-4698-85CA-80860D4C62F8}.Debug|Any CPU.ActiveCfg = Debug|Any CPU
		{137CE4B7-0BA9-4698-85CA-80860D4C62F8}.Debug|Any CPU.Build.0 = Debug|Any CPU
		{137CE4B7-0BA9-4698-85CA-80860D4C62F8}.Debug|x64.ActiveCfg = Debug|Any CPU
		{137CE4B7-0BA9-4698-85CA-80860D4C62F8}.Debug|x64.Build.0 = Debug|Any CPU
		{137CE4B7-0BA9-4698-85CA-80860D4C62F8}.Debug|x86.ActiveCfg = Debug|Any CPU
		{137CE4B7-0BA9-4698-85CA-80860D4C62F8}.Debug|x86.Build.0 = Debug|Any CPU
		{137CE4B7-0BA9-4698-85CA-80860D4C62F8}.Release|Any CPU.ActiveCfg = Release|Any CPU
		{137CE4B7-0BA9-4698-85CA-80860D4C62F8}.Release|Any CPU.Build.0 = Release|Any CPU
		{137CE4B7-0BA9-4698-85CA-80860D4C62F8}.Release|x64.ActiveCfg = Release|Any CPU
		{137CE4B7-0BA9-4698-85CA-80860D4C62F8}.Release|x64.Build.0 = Release|Any CPU
		{137CE4B7-0BA9-4698-85CA-80860D4C62F8}.Release|x86.ActiveCfg = Release|Any CPU
		{137CE4B7-0BA9-4698-85CA-80860D4C62F8}.Release|x86.Build.0 = Release|Any CPU
		{CAEF96E6-14C3-499B-AFA1-43E050560EB9}.Debug|Any CPU.ActiveCfg = Debug|Any CPU
		{CAEF96E6-14C3-499B-AFA1-43E050560EB9}.Debug|Any CPU.Build.0 = Debug|Any CPU
		{CAEF96E6-14C3-499B-AFA1-43E050560EB9}.Debug|x64.ActiveCfg = Debug|Any CPU
		{CAEF96E6-14C3-499B-AFA1-43E050560EB9}.Debug|x64.Build.0 = Debug|Any CPU
		{CAEF96E6-14C3-499B-AFA1-43E050560EB9}.Debug|x86.ActiveCfg = Debug|Any CPU
		{CAEF96E6-14C3-499B-AFA1-43E050560EB9}.Debug|x86.Build.0 = Debug|Any CPU
		{CAEF96E6-14C3-499B-AFA1-43E050560EB9}.Release|Any CPU.ActiveCfg = Release|Any CPU
		{CAEF96E6-14C3-499B-AFA1-43E050560EB9}.Release|Any CPU.Build.0 = Release|Any CPU
		{CAEF96E6-14C3-499B-AFA1-43E050560EB9}.Release|x64.ActiveCfg = Release|Any CPU
		{CAEF96E6-14C3-499B-AFA1-43E050560EB9}.Release|x64.Build.0 = Release|Any CPU
		{CAEF96E6-14C3-499B-AFA1-43E050560EB9}.Release|x86.ActiveCfg = Release|Any CPU
		{CAEF96E6-14C3-499B-AFA1-43E050560EB9}.Release|x86.Build.0 = Release|Any CPU
		{1D44DB1D-554C-4810-AD9F-6AC4259EC067}.Debug|Any CPU.ActiveCfg = Debug|Any CPU
		{1D44DB1D-554C-4810-AD9F-6AC4259EC067}.Debug|Any CPU.Build.0 = Debug|Any CPU
		{1D44DB1D-554C-4810-AD9F-6AC4259EC067}.Debug|x64.ActiveCfg = Debug|Any CPU
		{1D44DB1D-554C-4810-AD9F-6AC4259EC067}.Debug|x64.Build.0 = Debug|Any CPU
		{1D44DB1D-554C-4810-AD9F-6AC4259EC067}.Debug|x86.ActiveCfg = Debug|Any CPU
		{1D44DB1D-554C-4810-AD9F-6AC4259EC067}.Debug|x86.Build.0 = Debug|Any CPU
		{1D44DB1D-554C-4810-AD9F-6AC4259EC067}.Release|Any CPU.ActiveCfg = Release|Any CPU
		{1D44DB1D-554C-4810-AD9F-6AC4259EC067}.Release|Any CPU.Build.0 = Release|Any CPU
		{1D44DB1D-554C-4810-AD9F-6AC4259EC067}.Release|x64.ActiveCfg = Release|Any CPU
		{1D44DB1D-554C-4810-AD9F-6AC4259EC067}.Release|x64.Build.0 = Release|Any CPU
		{1D44DB1D-554C-4810-AD9F-6AC4259EC067}.Release|x86.ActiveCfg = Release|Any CPU
		{1D44DB1D-554C-4810-AD9F-6AC4259EC067}.Release|x86.Build.0 = Release|Any CPU
		{76BDA384-A76E-4BD0-A09D-0B1EA290DB8E}.Debug|Any CPU.ActiveCfg = Debug|Any CPU
		{76BDA384-A76E-4BD0-A09D-0B1EA290DB8E}.Debug|Any CPU.Build.0 = Debug|Any CPU
		{76BDA384-A76E-4BD0-A09D-0B1EA290DB8E}.Debug|x64.ActiveCfg = Debug|Any CPU
		{76BDA384-A76E-4BD0-A09D-0B1EA290DB8E}.Debug|x64.Build.0 = Debug|Any CPU
		{76BDA384-A76E-4BD0-A09D-0B1EA290DB8E}.Debug|x86.ActiveCfg = Debug|Any CPU
		{76BDA384-A76E-4BD0-A09D-0B1EA290DB8E}.Debug|x86.Build.0 = Debug|Any CPU
		{76BDA384-A76E-4BD0-A09D-0B1EA290DB8E}.Release|Any CPU.ActiveCfg = Release|Any CPU
		{76BDA384-A76E-4BD0-A09D-0B1EA290DB8E}.Release|Any CPU.Build.0 = Release|Any CPU
		{76BDA384-A76E-4BD0-A09D-0B1EA290DB8E}.Release|x64.ActiveCfg = Release|Any CPU
		{76BDA384-A76E-4BD0-A09D-0B1EA290DB8E}.Release|x64.Build.0 = Release|Any CPU
		{76BDA384-A76E-4BD0-A09D-0B1EA290DB8E}.Release|x86.ActiveCfg = Release|Any CPU
		{76BDA384-A76E-4BD0-A09D-0B1EA290DB8E}.Release|x86.Build.0 = Release|Any CPU
		{E6E7E716-043B-4A17-901D-E22BBAA54D39}.Debug|Any CPU.ActiveCfg = Debug|Any CPU
		{E6E7E716-043B-4A17-901D-E22BBAA54D39}.Debug|Any CPU.Build.0 = Debug|Any CPU
		{E6E7E716-043B-4A17-901D-E22BBAA54D39}.Debug|x64.ActiveCfg = Debug|Any CPU
		{E6E7E716-043B-4A17-901D-E22BBAA54D39}.Debug|x64.Build.0 = Debug|Any CPU
		{E6E7E716-043B-4A17-901D-E22BBAA54D39}.Debug|x86.ActiveCfg = Debug|Any CPU
		{E6E7E716-043B-4A17-901D-E22BBAA54D39}.Debug|x86.Build.0 = Debug|Any CPU
		{E6E7E716-043B-4A17-901D-E22BBAA54D39}.Release|Any CPU.ActiveCfg = Release|Any CPU
		{E6E7E716-043B-4A17-901D-E22BBAA54D39}.Release|Any CPU.Build.0 = Release|Any CPU
		{E6E7E716-043B-4A17-901D-E22BBAA54D39}.Release|x64.ActiveCfg = Release|Any CPU
		{E6E7E716-043B-4A17-901D-E22BBAA54D39}.Release|x64.Build.0 = Release|Any CPU
		{E6E7E716-043B-4A17-901D-E22BBAA54D39}.Release|x86.ActiveCfg = Release|Any CPU
		{E6E7E716-043B-4A17-901D-E22BBAA54D39}.Release|x86.Build.0 = Release|Any CPU
	EndGlobalSection
	GlobalSection(SolutionProperties) = preSolution
		HideSolutionNode = FALSE
	EndGlobalSection
EndGlobal
